
Microsoft Visual Studio Solution File, Format Version 12.00
# Visual Studio Version 16
VisualStudioVersion = 16.0.31105.61
MinimumVisualStudioVersion = 10.0.40219.1
Project("{FAE04EC0-301F-11D3-BF4B-00C04F79EFBC}") = "AppCadeMeuMedico", "AppCadeMeuMedico\AppCadeMeuMedico.csproj", "{27D5B590-EB52-4901-9F62-033B51B2B561}"
EndProject
Global
	GlobalSection(SolutionConfigurationPlatforms) = preSolution
		Debug|Any CPU = Debug|Any CPU
		Release|Any CPU = Release|Any CPU
	EndGlobalSection
	GlobalSection(ProjectConfigurationPlatforms) = postSolution
		{27D5B590-EB52-4901-9F62-033B51B2B561}.Debug|Any CPU.ActiveCfg = Debug|Any CPU
		{27D5B590-EB52-4901-9F62-033B51B2B561}.Debug|Any CPU.Build.0 = Debug|Any CPU
		{27D5B590-EB52-4901-9F62-033B51B2B561}.Release|Any CPU.ActiveCfg = Release|Any CPU
		{27D5B590-EB52-4901-9F62-033B51B2B561}.Release|Any CPU.Build.0 = Release|Any CPU
	EndGlobalSection
	GlobalSection(SolutionProperties) = preSolution
		HideSolutionNode = FALSE
	EndGlobalSection
	GlobalSection(ExtensibilityGlobals) = postSolution
		SolutionGuid = {A5748664-2B6B-47BA-869C-FD47AD934DDD}
	EndGlobalSection
EndGlobal
